
Microsoft Visual Studio Solution File, Format Version 12.00
# Visual Studio Version 17
VisualStudioVersion = 17.13.35818.85
MinimumVisualStudioVersion = 10.0.40219.1
Project("{FAE04EC0-301F-11D3-BF4B-00C04F79EFBC}") = "LivrariaAPI", "LivrariaAPI\LivrariaAPI.csproj", "{CCCFFBF7-E2D7-498B-975D-B5CF27ED8DC6}"
EndProject
Global
	GlobalSection(SolutionConfigurationPlatforms) = preSolution
		Debug|Any CPU = Debug|Any CPU
		Release|Any CPU = Release|Any CPU
	EndGlobalSection
	GlobalSection(ProjectConfigurationPlatforms) = postSolution
		{CCCFFBF7-E2D7-498B-975D-B5CF27ED8DC6}.Debug|Any CPU.ActiveCfg = Debug|Any CPU
		{CCCFFBF7-E2D7-498B-975D-B5CF27ED8DC6}.Debug|Any CPU.Build.0 = Debug|Any CPU
		{CCCFFBF7-E2D7-498B-975D-B5CF27ED8DC6}.Release|Any CPU.ActiveCfg = Release|Any CPU
		{CCCFFBF7-E2D7-498B-975D-B5CF27ED8DC6}.Release|Any CPU.Build.0 = Release|Any CPU
	EndGlobalSection
	GlobalSection(SolutionProperties) = preSolution
		HideSolutionNode = FALSE
	EndGlobalSection
	GlobalSection(ExtensibilityGlobals) = postSolution
		SolutionGuid = {87ABB752-FC16-4D8E-B49C-37C318E36D05}
	EndGlobalSection
EndGlobal
